// !$*UTF8*$!
{
	archiveVersion = 1;
	classes = {
	};
	objectVersion = 50;
	objects = {

/* Begin PBXBuildFile section */
		351FD4EE22CD4B3B00A5918B /* CountOperation.swift in Sources */ = {isa = PBXBuildFile; fileRef = 351FD4ED22CD4B3B00A5918B /* CountOperation.swift */; };
		352F6D8C22B64BFA00ED5679 /* ImageConvertor.swift in Sources */ = {isa = PBXBuildFile; fileRef = 352F6D8B22B64BFA00ED5679 /* ImageConvertor.swift */; };
		352F6D9022B97F6100ED5679 /* ResultImageObj.swift in Sources */ = {isa = PBXBuildFile; fileRef = 352F6D8F22B97F6100ED5679 /* ResultImageObj.swift */; };
		3541B45222C03C74003A815D /* SaveLoadOperation.swift in Sources */ = {isa = PBXBuildFile; fileRef = 3541B45122C03C74003A815D /* SaveLoadOperation.swift */; };
		355E26D622B2BCE700980373 /* AppDelegate.swift in Sources */ = {isa = PBXBuildFile; fileRef = 355E26D522B2BCE700980373 /* AppDelegate.swift */; };
		355E26D822B2BCE700980373 /* ViewController.swift in Sources */ = {isa = PBXBuildFile; fileRef = 355E26D722B2BCE700980373 /* ViewController.swift */; };
		355E26DB22B2BCE700980373 /* Main.storyboard in Resources */ = {isa = PBXBuildFile; fileRef = 355E26D922B2BCE700980373 /* Main.storyboard */; };
		355E26DD22B2BCEF00980373 /* Assets.xcassets in Resources */ = {isa = PBXBuildFile; fileRef = 355E26DC22B2BCEF00980373 /* Assets.xcassets */; };
		355E26E022B2BCEF00980373 /* LaunchScreen.storyboard in Resources */ = {isa = PBXBuildFile; fileRef = 355E26DE22B2BCEF00980373 /* LaunchScreen.storyboard */; };
		35E7A61A22CAAAA9007128D2 /* Photos.framework in Frameworks */ = {isa = PBXBuildFile; fileRef = 35E7A61922CAAAA9007128D2 /* Photos.framework */; };
/* End PBXBuildFile section */

/* Begin PBXFileReference section */
		351FD4ED22CD4B3B00A5918B /* CountOperation.swift */ = {isa = PBXFileReference; lastKnownFileType = sourcecode.swift; path = CountOperation.swift; sourceTree = "<group>"; };
		352F6D8B22B64BFA00ED5679 /* ImageConvertor.swift */ = {isa = PBXFileReference; lastKnownFileType = sourcecode.swift; path = ImageConvertor.swift; sourceTree = "<group>"; };
		352F6D8F22B97F6100ED5679 /* ResultImageObj.swift */ = {isa = PBXFileReference; lastKnownFileType = sourcecode.swift; path = ResultImageObj.swift; sourceTree = "<group>"; };
		3541B45122C03C74003A815D /* SaveLoadOperation.swift */ = {isa = PBXFileReference; lastKnownFileType = sourcecode.swift; path = SaveLoadOperation.swift; sourceTree = "<group>"; };
		355E26D222B2BCE700980373 /* ImageMaker.app */ = {isa = PBXFileReference; explicitFileType = wrapper.application; includeInIndex = 0; path = ImageMaker.app; sourceTree = BUILT_PRODUCTS_DIR; };
		355E26D522B2BCE700980373 /* AppDelegate.swift */ = {isa = PBXFileReference; lastKnownFileType = sourcecode.swift; path = AppDelegate.swift; sourceTree = "<group>"; };
		355E26D722B2BCE700980373 /* ViewController.swift */ = {isa = PBXFileReference; lastKnownFileType = sourcecode.swift; path = ViewController.swift; sourceTree = "<group>"; };
		355E26DA22B2BCE700980373 /* Base */ = {isa = PBXFileReference; lastKnownFileType = file.storyboard; name = Base; path = Base.lproj/Main.storyboard; sourceTree = "<group>"; };
		355E26DC22B2BCEF00980373 /* Assets.xcassets */ = {isa = PBXFileReference; lastKnownFileType = folder.assetcatalog; path = Assets.xcassets; sourceTree = "<group>"; };
		355E26DF22B2BCEF00980373 /* Base */ = {isa = PBXFileReference; lastKnownFileType = file.storyboard; name = Base; path = Base.lproj/LaunchScreen.storyboard; sourceTree = "<group>"; };
		355E26E122B2BCEF00980373 /* Info.plist */ = {isa = PBXFileReference; lastKnownFileType = text.plist.xml; path = Info.plist; sourceTree = "<group>"; };
		35E7A61922CAAAA9007128D2 /* Photos.framework */ = {isa = PBXFileReference; lastKnownFileType = wrapper.framework; name = Photos.framework; path = System/Library/Frameworks/Photos.framework; sourceTree = SDKROOT; };
/* End PBXFileReference section */

/* Begin PBXFrameworksBuildPhase section */
		355E26CF22B2BCE700980373 /* Frameworks */ = {
			isa = PBXFrameworksBuildPhase;
			buildActionMask = 2147483647;
			files = (
				35E7A61A22CAAAA9007128D2 /* Photos.framework in Frameworks */,
			);
			runOnlyForDeploymentPostprocessing = 0;
		};
/* End PBXFrameworksBuildPhase section */

/* Begin PBXGroup section */
		355E26C922B2BCE600980373 = {
			isa = PBXGroup;
			children = (
				355E26D422B2BCE700980373 /* ImageMaker */,
				355E26D322B2BCE700980373 /* Products */,
				35E7A61822CAAAA8007128D2 /* Frameworks */,
			);
			sourceTree = "<group>";
		};
		355E26D322B2BCE700980373 /* Products */ = {
			isa = PBXGroup;
			children = (
				355E26D222B2BCE700980373 /* ImageMaker.app */,
			);
			name = Products;
			sourceTree = "<group>";
		};
		355E26D422B2BCE700980373 /* ImageMaker */ = {
			isa = PBXGroup;
			children = (
				355E26D522B2BCE700980373 /* AppDelegate.swift */,
				355E26D722B2BCE700980373 /* ViewController.swift */,
				355E26D922B2BCE700980373 /* Main.storyboard */,
				352F6D8B22B64BFA00ED5679 /* ImageConvertor.swift */,
				352F6D8F22B97F6100ED5679 /* ResultImageObj.swift */,
				351FD4ED22CD4B3B00A5918B /* CountOperation.swift */,
				3541B45122C03C74003A815D /* SaveLoadOperation.swift */,
				355E26DC22B2BCEF00980373 /* Assets.xcassets */,
				355E26DE22B2BCEF00980373 /* LaunchScreen.storyboard */,
				355E26E122B2BCEF00980373 /* Info.plist */,
			);
			path = ImageMaker;
			sourceTree = "<group>";
		};
		35E7A61822CAAAA8007128D2 /* Frameworks */ = {
			isa = PBXGroup;
			children = (
				35E7A61922CAAAA9007128D2 /* Photos.framework */,
			);
			name = Frameworks;
			sourceTree = "<group>";
		};
/* End PBXGroup section */

/* Begin PBXNativeTarget section */
		355E26D122B2BCE700980373 /* ImageMaker */ = {
			isa = PBXNativeTarget;
			buildConfigurationList = 355E26E422B2BCEF00980373 /* Build configuration list for PBXNativeTarget "ImageMaker" */;
			buildPhases = (
				355E26CE22B2BCE700980373 /* Sources */,
				355E26CF22B2BCE700980373 /* Frameworks */,
				355E26D022B2BCE700980373 /* Resources */,
			);
			buildRules = (
			);
			dependencies = (
			);
			name = ImageMaker;
			productName = ImageMaker;
			productReference = 355E26D222B2BCE700980373 /* ImageMaker.app */;
			productType = "com.apple.product-type.application";
		};
/* End PBXNativeTarget section */

/* Begin PBXProject section */
		355E26CA22B2BCE700980373 /* Project object */ = {
			isa = PBXProject;
			attributes = {
				LastSwiftUpdateCheck = 1020;
				LastUpgradeCheck = 1020;
				ORGANIZATIONNAME = "Serge Sychov";
				TargetAttributes = {
					355E26D122B2BCE700980373 = {
						CreatedOnToolsVersion = 10.2.1;
					};
				};
			};
			buildConfigurationList = 355E26CD22B2BCE700980373 /* Build configuration list for PBXProject "ImageMaker" */;
			compatibilityVersion = "Xcode 9.3";
			developmentRegion = en;
			hasScannedForEncodings = 0;
			knownRegions = (
				en,
				Base,
			);
			mainGroup = 355E26C922B2BCE600980373;
			productRefGroup = 355E26D322B2BCE700980373 /* Products */;
			projectDirPath = "";
			projectRoot = "";
			targets = (
				355E26D122B2BCE700980373 /* ImageMaker */,
			);
		};
/* End PBXProject section */

/* Begin PBXResourcesBuildPhase section */
		355E26D022B2BCE700980373 /* Resources */ = {
			isa = PBXResourcesBuildPhase;
			buildActionMask = 2147483647;
			files = (
				355E26E022B2BCEF00980373 /* LaunchScreen.storyboard in Resources */,
				355E26DD22B2BCEF00980373 /* Assets.xcassets in Resources */,
				355E26DB22B2BCE700980373 /* Main.storyboard in Resources */,
			);
			runOnlyForDeploymentPostprocessing = 0;
		};
/* End PBXResourcesBuildPhase section */

/* Begin PBXSourcesBuildPhase section */
		355E26CE22B2BCE700980373 /* Sources */ = {
			isa = PBXSourcesBuildPhase;
			buildActionMask = 2147483647;
			files = (
				3541B45222C03C74003A815D /* SaveLoadOperation.swift in Sources */,
				351FD4EE22CD4B3B00A5918B /* CountOperation.swift in Sources */,
				352F6D9022B97F6100ED5679 /* ResultImageObj.swift in Sources */,
				355E26D822B2BCE700980373 /* ViewController.swift in Sources */,
				355E26D622B2BCE700980373 /* AppDelegate.swift in Sources */,
				352F6D8C22B64BFA00ED5679 /* ImageConvertor.swift in Sources */,
			);
			runOnlyForDeploymentPostprocessing = 0;
		};
/* End PBXSourcesBuildPhase section */

/* Begin PBXVariantGroup section */
		355E26D922B2BCE700980373 /* Main.storyboard */ = {
			isa = PBXVariantGroup;
			children = (
				355E26DA22B2BCE700980373 /* Base */,
			);
			name = Main.storyboard;
			sourceTree = "<group>";
		};
		355E26DE22B2BCEF00980373 /* LaunchScreen.storyboard */ = {
			isa = PBXVariantGroup;
			children = (
				355E26DF22B2BCEF00980373 /* Base */,
			);
			name = LaunchScreen.storyboard;
			sourceTree = "<group>";
		};
/* End PBXVariantGroup section */

/* Begin XCBuildConfiguration section */
		355E26E222B2BCEF00980373 /* Debug */ = {
			isa = XCBuildConfiguration;
			buildSettings = {
				ALWAYS_SEARCH_USER_PATHS = NO;
				CLANG_ANALYZER_NONNULL = YES;
				CLANG_ANALYZER_NUMBER_OBJECT_CONVERSION = YES_AGGRESSIVE;
				CLANG_CXX_LANGUAGE_STANDARD = "gnu++14";
				CLANG_CXX_LIBRARY = "libc++";
				CLANG_ENABLE_MODULES = YES;
				CLANG_ENABLE_OBJC_ARC = YES;
				CLANG_ENABLE_OBJC_WEAK = YES;
				CLANG_WARN_BLOCK_CAPTURE_AUTORELEASING = YES;
				CLANG_WARN_BOOL_CONVERSION = YES;
				CLANG_WARN_COMMA = YES;
				CLANG_WARN_CONSTANT_CONVERSION = YES;
				CLANG_WARN_DEPRECATED_OBJC_IMPLEMENTATIONS = YES;
				CLANG_WARN_DIRECT_OBJC_ISA_USAGE = YES_ERROR;
				CLANG_WARN_DOCUMENTATION_COMMENTS = YES;
				CLANG_WARN_EMPTY_BODY = YES;
				CLANG_WARN_ENUM_CONVERSION = YES;
				CLANG_WARN_INFINITE_RECURSION = YES;
				CLANG_WARN_INT_CONVERSION = YES;
				CLANG_WARN_NON_LITERAL_NULL_CONVERSION = YES;
				CLANG_WARN_OBJC_IMPLICIT_RETAIN_SELF = YES;
				CLANG_WARN_OBJC_LITERAL_CONVERSION = YES;
				CLANG_WARN_OBJC_ROOT_CLASS = YES_ERROR;
				CLANG_WARN_RANGE_LOOP_ANALYSIS = YES;
				CLANG_WARN_STRICT_PROTOTYPES = YES;
				CLANG_WARN_SUSPICIOUS_MOVE = YES;
				CLANG_WARN_UNGUARDED_AVAILABILITY = YES_AGGRESSIVE;
				CLANG_WARN_UNREACHABLE_CODE = YES;
				CLANG_WARN__DUPLICATE_METHOD_MATCH = YES;
				CODE_SIGN_IDENTITY = "iPhone Developer";
				COPY_PHASE_STRIP = NO;
				DEBUG_INFORMATION_FORMAT = dwarf;
				ENABLE_STRICT_OBJC_MSGSEND = YES;
				ENABLE_TESTABILITY = YES;
				GCC_C_LANGUAGE_STANDARD = gnu11;
				GCC_DYNAMIC_NO_PIC = NO;
				GCC_NO_COMMON_BLOCKS = YES;
				GCC_OPTIMIZATION_LEVEL = 0;
				GCC_PREPROCESSOR_DEFINITIONS = (
					"DEBUG=1",
					"$(inherited)",
				);
				GCC_WARN_64_TO_32_BIT_CONVERSION = YES;
				GCC_WARN_ABOUT_RETURN_TYPE = YES_ERROR;
				GCC_WARN_UNDECLARED_SELECTOR = YES;
				GCC_WARN_UNINITIALIZED_AUTOS = YES_AGGRESSIVE;
				GCC_WARN_UNUSED_FUNCTION = YES;
				GCC_WARN_UNUSED_VARIABLE = YES;
				IPHONEOS_DEPLOYMENT_TARGET = 12.2;
				MTL_ENABLE_DEBUG_INFO = INCLUDE_SOURCE;
				MTL_FAST_MATH = YES;
				ONLY_ACTIVE_ARCH = YES;
				SDKROOT = iphoneos;
				SWIFT_ACTIVE_COMPILATION_CONDITIONS = DEBUG;
				SWIFT_OPTIMIZATION_LEVEL = "-Onone";
			};
			name = Debug;
		};
		355E26E322B2BCEF00980373 /* Release */ = {
			isa = XCBuildConfiguration;
			buildSettings = {
				ALWAYS_SEARCH_USER_PATHS = NO;
				CLANG_ANALYZER_NONNULL = YES;
				CLANG_ANALYZER_NUMBER_OBJECT_CONVERSION = YES_AGGRESSIVE;
				CLANG_CXX_LANGUAGE_STANDARD = "gnu++14";
				CLANG_CXX_LIBRARY = "libc++";
				CLANG_ENABLE_MODULES = YES;
				CLANG_ENABLE_OBJC_ARC = YES;
				CLANG_ENABLE_OBJC_WEAK = YES;
				CLANG_WARN_BLOCK_CAPTURE_AUTORELEASING = YES;
				CLANG_WARN_BOOL_CONVERSION = YES;
				CLANG_WARN_COMMA = YES;
				CLANG_WARN_CONSTANT_CONVERSION = YES;
				CLANG_WARN_DEPRECATED_OBJC_IMPLEMENTATIONS = YES;
				CLANG_WARN_DIRECT_OBJC_ISA_USAGE = YES_ERROR;
				CLANG_WARN_DOCUMENTATION_COMMENTS = YES;
				CLANG_WARN_EMPTY_BODY = YES;
				CLANG_WARN_ENUM_CONVERSION = YES;
				CLANG_WARN_INFINITE_RECURSION = YES;
				CLANG_WARN_INT_CONVERSION = YES;
				CLANG_WARN_NON_LITERAL_NULL_CONVERSION = YES;
				CLANG_WARN_OBJC_IMPLICIT_RETAIN_SELF = YES;
				CLANG_WARN_OBJC_LITERAL_CONVERSION = YES;
				CLANG_WARN_OBJC_ROOT_CLASS = YES_ERROR;
				CLANG_WARN_RANGE_LOOP_ANALYSIS = YES;
				CLANG_WARN_STRICT_PROTOTYPES = YES;
				CLANG_WARN_SUSPICIOUS_MOVE = YES;
				CLANG_WARN_UNGUARDED_AVAILABILITY = YES_AGGRESSIVE;
				CLANG_WARN_UNREACHABLE_CODE = YES;
				CLANG_WARN__DUPLICATE_METHOD_MATCH = YES;
				CODE_SIGN_IDENTITY = "iPhone Developer";
				COPY_PHASE_STRIP = NO;
				DEBUG_INFORMATION_FORMAT = "dwarf-with-dsym";
				ENABLE_NS_ASSERTIONS = NO;
				ENABLE_STRICT_OBJC_MSGSEND = YES;
				GCC_C_LANGUAGE_STANDARD = gnu11;
				GCC_NO_COMMON_BLOCKS = YES;
				GCC_WARN_64_TO_32_BIT_CONVERSION = YES;
				GCC_WARN_ABOUT_RETURN_TYPE = YES_ERROR;
				GCC_WARN_UNDECLARED_SELECTOR = YES;
				GCC_WARN_UNINITIALIZED_AUTOS = YES_AGGRESSIVE;
				GCC_WARN_UNUSED_FUNCTION = YES;
				GCC_WARN_UNUSED_VARIABLE = YES;
				IPHONEOS_DEPLOYMENT_TARGET = 12.2;
				MTL_ENABLE_DEBUG_INFO = NO;
				MTL_FAST_MATH = YES;
				SDKROOT = iphoneos;
				SWIFT_COMPILATION_MODE = wholemodule;
				SWIFT_OPTIMIZATION_LEVEL = "-O";
				VALIDATE_PRODUCT = YES;
			};
			name = Release;
		};
		355E26E522B2BCEF00980373 /* Debug */ = {
			isa = XCBuildConfiguration;
			buildSettings = {
				ASSETCATALOG_COMPILER_APPICON_NAME = AppIcon;
				CODE_SIGN_STYLE = Automatic;
				DEVELOPMENT_TEAM = L256QEN4KV;
				INFOPLIST_FILE = ImageMaker/Info.plist;
				IPHONEOS_DEPLOYMENT_TARGET = 9.0;
				LD_RUNPATH_SEARCH_PATHS = (
					"$(inherited)",
					"@executable_path/Frameworks",
				);
				PRODUCT_BUNDLE_IDENTIFIER = FukuroApp.ImageMaker;
				PRODUCT_NAME = "$(TARGET_NAME)";
				SWIFT_VERSION = 5.0;
				TARGETED_DEVICE_FAMILY = "1,2";
			};
			name = Debug;
		};
		355E26E622B2BCEF00980373 /* Release */ = {
			isa = XCBuildConfiguration;
			buildSettings = {
				ASSETCATALOG_COMPILER_APPICON_NAME = AppIcon;
				CODE_SIGN_STYLE = Automatic;
				DEVELOPMENT_TEAM = L256QEN4KV;
				INFOPLIST_FILE = ImageMaker/Info.plist;
				IPHONEOS_DEPLOYMENT_TARGET = 9.0;
				LD_RUNPATH_SEARCH_PATHS = (
					"$(inherited)",
					"@executable_path/Frameworks",
				);
				PRODUCT_BUNDLE_IDENTIFIER = FukuroApp.ImageMaker;
				PRODUCT_NAME = "$(TARGET_NAME)";
				SWIFT_VERSION = 5.0;
				TARGETED_DEVICE_FAMILY = "1,2";
			};
			name = Release;
		};
/* End XCBuildConfiguration section */

/* Begin XCConfigurationList section */
		355E26CD22B2BCE700980373 /* Build configuration list for PBXProject "ImageMaker" */ = {
			isa = XCConfigurationList;
			buildConfigurations = (
				355E26E222B2BCEF00980373 /* Debug */,
				355E26E322B2BCEF00980373 /* Release */,
			);
			defaultConfigurationIsVisible = 0;
			defaultConfigurationName = Release;
		};
		355E26E422B2BCEF00980373 /* Build configuration list for PBXNativeTarget "ImageMaker" */ = {
			isa = XCConfigurationList;
			buildConfigurations = (
				355E26E522B2BCEF00980373 /* Debug */,
				355E26E622B2BCEF00980373 /* Release */,
			);
			defaultConfigurationIsVisible = 0;
			defaultConfigurationName = Release;
		};
/* End XCConfigurationList section */
	};
	rootObject = 355E26CA22B2BCE700980373 /* Project object */;
}
